# THIS IS AN AUTOGENERATED FILE. DO NOT EDIT THIS FILE DIRECTLY.
# yarn lockfile v1


"@types/amqplib@^0.5.17":
  version "0.5.17"
  resolved "https://registry.yarnpkg.com/@types/amqplib/-/amqplib-0.5.17.tgz#1211f5e01b62006e8a380af258d147de0b3b22e0"
  integrity sha512-RImqiLP1swDqWBW8UX9iBXVEOw6MYzNmxdXqfemDfdwtUvdTM/W0s2RlSuMVIGkRhaWvpkC9O/N81VzzQwfAbw==
  dependencies:
    "@types/bluebird" "*"
    "@types/node" "*"

"@types/bluebird@*":
  version "3.5.36"
  resolved "https://registry.yarnpkg.com/@types/bluebird/-/bluebird-3.5.36.tgz#00d9301d4dc35c2f6465a8aec634bb533674c652"
  integrity sha512-HBNx4lhkxN7bx6P0++W8E289foSu8kO8GCk2unhuVggO+cE7rh9DhZUyPhUxNRG9m+5B5BTKxZQ5ZP92x/mx9Q==

"@types/node@*":
  version "16.7.5"
  resolved "https://registry.yarnpkg.com/@types/node/-/node-16.7.5.tgz#96142b243977b03d99c338fdb09241d286102711"
  integrity sha512-E7SpxDXoHEpmZ9C1gSqwadhE6zPRtf3g0gJy9Y51DsImnR5TcDs3QEiV/3Q7zOM8LWaZp5Gph71NK6ElVMG1IQ==

"@types/node@^14.14.35":
  version "14.17.12"
  resolved "https://registry.yarnpkg.com/@types/node/-/node-14.17.12.tgz#7a31f720b85a617e54e42d24c4ace136601656c7"
  integrity sha512-vhUqgjJR1qxwTWV5Ps5txuy2XMdf7Fw+OrdChRboy8BmWUPkckOhphaohzFG6b8DW7CrxaBMdrdJ47SYFq1okw==

amqplib@^0.7.1:
  version "0.7.1"
  resolved "https://registry.yarnpkg.com/amqplib/-/amqplib-0.7.1.tgz#1ac60934cbddb445bdc9c648310a0d232a53b3af"
  integrity sha512-KePK3tTOLGU4emTo+PwSDMbc123jrxo13FpRpim1LzJoSlQrIBB2/kMeCC40jK/Zb0olHGaABjLqXDsdK46iLA==
  dependencies:
    bitsyntax "~0.1.0"
    bluebird "^3.7.2"
    buffer-more-ints "~1.0.0"
    readable-stream "1.x >=1.1.9"
    safe-buffer "~5.2.1"
    url-parse "~1.5.1"

bitsyntax@~0.1.0:
  version "0.1.0"
  resolved "https://registry.yarnpkg.com/bitsyntax/-/bitsyntax-0.1.0.tgz#b0c59acef03505de5a2ed62a2f763c56ae1d6205"
  integrity sha512-ikAdCnrloKmFOugAfxWws89/fPc+nw0OOG1IzIE72uSOg/A3cYptKCjSUhDTuj7fhsJtzkzlv7l3b8PzRHLN0Q==
  dependencies:
    buffer-more-ints "~1.0.0"
    debug "~2.6.9"
    safe-buffer "~5.1.2"

bluebird@^3.7.2:
  version "3.7.2"
  resolved "https://registry.yarnpkg.com/bluebird/-/bluebird-3.7.2.tgz#9f229c15be272454ffa973ace0dbee79a1b0c36f"
  integrity sha512-XpNj6GDQzdfW+r2Wnn7xiSAd7TM3jzkxGXBGTtWKuSXv1xUV+azxAm8jdWZN06QTQk+2N2XB9jRDkvbmQmcRtg==

buffer-more-ints@~1.0.0:
  version "1.0.0"
  resolved "https://registry.yarnpkg.com/buffer-more-ints/-/buffer-more-ints-1.0.0.tgz#ef4f8e2dddbad429ed3828a9c55d44f05c611422"
  integrity sha512-EMetuGFz5SLsT0QTnXzINh4Ksr+oo4i+UGTXEshiGCQWnsgSs7ZhJ8fzlwQ+OzEMs0MpDAMr1hxnblp5a4vcHg==

core-util-is@~1.0.0:
  version "1.0.2"
  resolved "https://registry.yarnpkg.com/core-util-is/-/core-util-is-1.0.2.tgz#b5fd54220aa2bc5ab57aab7140c940754503c1a7"
  integrity sha1-tf1UIgqivFq1eqtxQMlAdUUDwac=

debug@~2.6.9:
  version "2.6.9"
  resolved "https://registry.yarnpkg.com/debug/-/debug-2.6.9.tgz#5d128515df134ff327e90a4c93f4e077a536341f"
  integrity sha512-bC7ElrdJaJnPbAP+1EotYvqZsb3ecl5wi6Bfi6BJTUcNowp6cvspg0jXznRTKDjm/E7AdgFBVeAPVMNcKGsHMA==
  dependencies:
    ms "2.0.0"

eventemitter3@^4.0.4:
  version "4.0.7"
  resolved "https://registry.yarnpkg.com/eventemitter3/-/eventemitter3-4.0.7.tgz#2de9b68f6528d5644ef5c59526a1b4a07306169f"
  integrity sha512-8guHBZCwKnFhYdHr2ysuRWErTwhoN2X8XELRlrRwpmfeY2jjuUN4taQMsULKUVo1K4DvZl+0pgfyoysHxvmvEw==

inherits@~2.0.1:
  version "2.0.4"
  resolved "https://registry.yarnpkg.com/inherits/-/inherits-2.0.4.tgz#0fa2c64f932917c3433a0ded55363aae37416b7c"
  integrity sha512-k/vGaX4/Yla3WzyMCvTQOXYeIHvqOKtnqBduzTHpzpQZzAskKMhZ2K+EnBiSM9zGSoIFeMpXKxa4dYeZIQqewQ==

isarray@0.0.1:
  version "0.0.1"
  resolved "https://registry.yarnpkg.com/isarray/-/isarray-0.0.1.tgz#8a18acfca9a8f4177e09abfc6038939b05d1eedf"
  integrity sha1-ihis/Kmo9Bd+Cav8YDiTmwXR7t8=

ms@2.0.0:
  version "2.0.0"
  resolved "https://registry.yarnpkg.com/ms/-/ms-2.0.0.tgz#5608aeadfc00be6c2901df5f9861788de0d597c8"
  integrity sha1-VgiurfwAvmwpAd9fmGF4jeDVl8g=

p-finally@^1.0.0:
  version "1.0.0"
  resolved "https://registry.yarnpkg.com/p-finally/-/p-finally-1.0.0.tgz#3fbcfb15b899a44123b34b6dcc18b724336a2cae"
  integrity sha1-P7z7FbiZpEEjs0ttzBi3JDNqLK4=

p-queue@^6.6.2:
  version "6.6.2"
  resolved "https://registry.yarnpkg.com/p-queue/-/p-queue-6.6.2.tgz#2068a9dcf8e67dd0ec3e7a2bcb76810faa85e426"
  integrity sha512-RwFpb72c/BhQLEXIZ5K2e+AhgNVmIejGlTgiB9MzZ0e93GRvqZ7uSi0dvRF7/XIXDeNkra2fNHBxTyPDGySpjQ==
  dependencies:
    eventemitter3 "^4.0.4"
    p-timeout "^3.2.0"

p-timeout@^3.2.0:
  version "3.2.0"
  resolved "https://registry.yarnpkg.com/p-timeout/-/p-timeout-3.2.0.tgz#c7e17abc971d2a7962ef83626b35d635acf23dfe"
  integrity sha512-rhIwUycgwwKcP9yTOOFK/AKsAopjjCakVqLHePO3CC6Mir1Z99xT+R63jZxAT5lFZLa2inS5h+ZS2GvR99/FBg==
  dependencies:
    p-finally "^1.0.0"

querystringify@^2.1.1:
  version "2.2.0"
  resolved "https://registry.yarnpkg.com/querystringify/-/querystringify-2.2.0.tgz#3345941b4153cb9d082d8eee4cda2016a9aef7f6"
  integrity sha512-FIqgj2EUvTa7R50u0rGsyTftzjYmv/a3hO345bZNrqabNqjtgiDMgmo4mkUjd+nzU5oF3dClKqFIPUKybUyqoQ==

"readable-stream@1.x >=1.1.9":
  version "1.1.14"
  resolved "https://registry.yarnpkg.com/readable-stream/-/readable-stream-1.1.14.tgz#7cf4c54ef648e3813084c636dd2079e166c081d9"
  integrity sha1-fPTFTvZI44EwhMY23SB54WbAgdk=
  dependencies:
    core-util-is "~1.0.0"
    inherits "~2.0.1"
    isarray "0.0.1"
    string_decoder "~0.10.x"

reflect-metadata@^0.1.13:
  version "0.1.13"
  resolved "https://registry.yarnpkg.com/reflect-metadata/-/reflect-metadata-0.1.13.tgz#67ae3ca57c972a2aa1642b10fe363fe32d49dc08"
  integrity sha512-Ts1Y/anZELhSsjMcU605fU9RE4Oi3p5ORujwbIKXfWa+0Zxs510Qrmrce5/Jowq3cHSZSJqBjypxmHarc+vEWg==

requires-port@^1.0.0:
  version "1.0.0"
  resolved "https://registry.yarnpkg.com/requires-port/-/requires-port-1.0.0.tgz#925d2601d39ac485e091cf0da5c6e694dc3dcaff"
  integrity sha1-kl0mAdOaxIXgkc8NpcbmlNw9yv8=

rxjs@^6.5.4:
  version "6.6.7"
  resolved "https://registry.yarnpkg.com/rxjs/-/rxjs-6.6.7.tgz#90ac018acabf491bf65044235d5863c4dab804c9"
  integrity sha512-hTdwr+7yYNIT5n4AMYp85KA6yw2Va0FLa3Rguvbpa4W3I5xynaBZo41cM3XM+4Q6fRMj3sBYIR1VAmZMXYJvRQ==
  dependencies:
    tslib "^1.9.0"

rxjs@^7.3.0:
  version "7.3.0"
  resolved "https://registry.yarnpkg.com/rxjs/-/rxjs-7.3.0.tgz#39fe4f3461dc1e50be1475b2b85a0a88c1e938c6"
  integrity sha512-p2yuGIg9S1epc3vrjKf6iVb3RCaAYjYskkO+jHIaV0IjOPlJop4UnodOoFb2xeNwlguqLYvGw1b1McillYb5Gw==
  dependencies:
    tslib "~2.1.0"

safe-buffer@~5.1.2:
  version "5.1.2"
  resolved "https://registry.yarnpkg.com/safe-buffer/-/safe-buffer-5.1.2.tgz#991ec69d296e0313747d59bdfd2b745c35f8828d"
  integrity sha512-Gd2UZBJDkXlY7GbJxfsE8/nvKkUEU1G38c1siN6QP6a9PT9MmHB8GnpscSmMJSoF8LOIrt8ud/wPtojys4G6+g==

safe-buffer@~5.2.1:
  version "5.2.1"
  resolved "https://registry.yarnpkg.com/safe-buffer/-/safe-buffer-5.2.1.tgz#1eaf9fa9bdb1fdd4ec75f58f9cdb4e6b7827eec6"
  integrity sha512-rp3So07KcdmmKbGvgaNxQSJr7bGVSVk5S9Eq1F+ppbRo70+YeaDxkw5Dd8NPN+GD6bjnYm2VuPuCXmpuYvmCXQ==

string_decoder@~0.10.x:
  version "0.10.31"
  resolved "https://registry.yarnpkg.com/string_decoder/-/string_decoder-0.10.31.tgz#62e203bc41766c6c28c9fc84301dab1c5310fa94"
  integrity sha1-YuIDvEF2bGwoyfyEMB2rHFMQ+pQ=

tslib@^1.9.0:
  version "1.14.1"
  resolved "https://registry.yarnpkg.com/tslib/-/tslib-1.14.1.tgz#cf2d38bdc34a134bcaf1091c41f6619e2f672d00"
  integrity sha512-Xni35NKzjgMrwevysHTCArtLDpPvye8zV/0E4EyYn43P7/7qvQwPh9BGkHewbMulVntbigmcT7rdX3BNo9wRJg==

tslib@~2.1.0:
  version "2.1.0"
  resolved "https://registry.yarnpkg.com/tslib/-/tslib-2.1.0.tgz#da60860f1c2ecaa5703ab7d39bc05b6bf988b97a"
  integrity sha512-hcVC3wYEziELGGmEEXue7D75zbwIIVUMWAVbHItGPx0ziyXxrOMQx4rQEVEV45Ut/1IotuEvwqPopzIOkDMf0A==

typescript-decorator-builder@1.0.6:
  version "1.0.6"
  resolved "https://registry.yarnpkg.com/typescript-decorator-builder/-/typescript-decorator-builder-1.0.6.tgz#8fa43ae3dc08e16318a7564cac75dbf7cedc24f0"
  integrity sha512-7byxSrJaZJ23JngmFLgocNo6CL0BbNfNuvY7n0O62X+vu7tw7vgihlJat6XMpIz/cZ3EYQA0Hn5zqEgQeag8OA==
  dependencies:
    reflect-metadata "^0.1.13"

typescript-microservice@^1.0.39:
  version "1.0.39"
  resolved "https://registry.yarnpkg.com/typescript-microservice/-/typescript-microservice-1.0.39.tgz#90dd8e95dab20a2e68621d22a5950714a424b720"
  integrity sha512-Sqp6VZIU0khJKmIlOvIxZ4Emu3aJht7EWVDkT0NXV81/nyisr5/i3u87unjFPnK7h3z554af8PKaiaWaOcVzbg==
  dependencies:
    p-queue "^6.6.2"
    reflect-metadata "^0.1.13"
    rxjs "^6.5.4"
    typescript-decorator-builder "1.0.6"
    uuid "^7.0.2"

url-parse@~1.5.1:
  version "1.5.3"
  resolved "https://registry.yarnpkg.com/url-parse/-/url-parse-1.5.3.tgz#71c1303d38fb6639ade183c2992c8cc0686df862"
  integrity sha512-IIORyIQD9rvj0A4CLWsHkBBJuNqWpFQe224b6j9t/ABmquIS0qDU2pY6kl6AuOrL5OkCXHMCFNe1jBcuAggjvQ==
  dependencies:
    querystringify "^2.1.1"
    requires-port "^1.0.0"

uuid@^7.0.2:
  version "7.0.3"
  resolved "https://registry.yarnpkg.com/uuid/-/uuid-7.0.3.tgz#c5c9f2c8cf25dc0a372c4df1441c41f5bd0c680b"
  integrity sha512-DPSke0pXhTZgoF/d+WSt2QaKMCFSfx7QegxEWT+JOuHF5aWrKEn0G+ztjuJg/gG8/ItK+rbPCD/yNv8yyih6Cg==
